# This file is automatically @generated by Cargo.
# It is not intended for manual editing.
[[package]]
name = "const_fn"
version = "0.4.8"
source = "registry+https://github.com/rust-lang/crates.io-index"
checksum = "f92cfa0fd5690b3cf8c1ef2cabbd9b7ef22fa53cf5e1f92b05103f6d5d1cf6e7"

[[package]]
name = "films"
version = "0.1.0"
dependencies = [
 "time",
]

[[package]]
name = "libc"
version = "0.2.98"
source = "registry+https://github.com/rust-lang/crates.io-index"
checksum = "320cfe77175da3a483efed4bc0adc1968ca050b098ce4f2f1c13a56626128790"

[[package]]
name = "standback"
version = "0.3.3"
source = "registry+https://github.com/rust-lang/crates.io-index"
checksum = "6e0ec3b06373532b9ee2d1538ffa2eed69ad983b9cd8a42d4d76fc8555512259"
dependencies = [
 "version_check",
]

[[package]]
name = "time"
version = "0.3.0-alpha-2"
source = "registry+https://github.com/rust-lang/crates.io-index"
checksum = "0f906d7af3f9c93ef57452c3c7d577f0dcfa1700516dcd15c7ba75ede4f0ed08"
dependencies = [
 "const_fn",
 "libc",
 "standback",
]

[[package]]
name = "version_check"
version = "0.9.3"
source = "registry+https://github.com/rust-lang/crates.io-index"
checksum = "5fecdca9a5291cc2b8dcf7dc02453fee791a280f3743cb0905f8822ae463b3fe"
